// !$*UTF8*$!
{
	archiveVersion = 1;
	classes = {
	};
	objectVersion = 39;
	objects = {
		089C165FFE840EACC02AAC07 = {
			children = (
				089C1660FE840EACC02AAC07,
			);
			isa = PBXVariantGroup;
			name = InfoPlist.strings;
			refType = 4;
			sourceTree = "<group>";
		};
		089C1660FE840EACC02AAC07 = {
			fileEncoding = 10;
			isa = PBXFileReference;
			lastKnownFileType = text.plist.strings;
			name = English;
			path = English.lproj/InfoPlist.strings;
			refType = 4;
			sourceTree = "<group>";
		};
//080
//081
//082
//083
//084
//100
//101
//102
//103
//104
		1058C7A6FEA54F5311CA2CBB = {
			children = (
				1058C7A7FEA54F5311CA2CBB,
			);
			isa = PBXGroup;
			name = "Linked Frameworks";
			refType = 4;
			sourceTree = "<group>";
		};
		1058C7A7FEA54F5311CA2CBB = {
			fallbackIsa = PBXFileReference;
			isa = PBXFrameworkReference;
			lastKnownFileType = wrapper.framework;
			name = Cocoa.framework;
			path = /System/Library/Frameworks/Cocoa.framework;
			refType = 0;
			sourceTree = "<absolute>";
		};
		1058C7A8FEA54F5311CA2CBB = {
			children = (
				2A37F4C5FDCFA73011CA2CEA,
				2A37F4C4FDCFA73011CA2CEA,
			);
			isa = PBXGroup;
			name = "Other Frameworks";
			refType = 4;
			sourceTree = "<group>";
		};
//100
//101
//102
//103
//104
//190
//191
//192
//193
//194
		19C28FB0FE9D524F11CA2CBB = {
			children = (
				8D15AC370486D014006FF6A4,
				BF4C405105AD579800FC037C,
				BF4C406005AD588000FC037C,
			);
			isa = PBXGroup;
			name = Products;
			refType = 4;
			sourceTree = "<group>";
		};
//190
//191
//192
//193
//194
//2A0
//2A1
//2A2
//2A3
//2A4
		2A37F4A9FDCFA73011CA2CEA = {
			buildSettings = {
			};
			buildStyles = (
				4A9504D0FFE6A4CB11CA0CBA,
				4A9504D1FFE6A4CB11CA0CBA,
			);
			hasScannedForEncodings = 1;
			isa = PBXProject;
			mainGroup = 2A37F4AAFDCFA73011CA2CEA;
			projectDirPath = "";
			targets = (
				8D15AC270486D014006FF6A4,
				BF4C405005AD579800FC037C,
				BF4C405F05AD588000FC037C,
			);
		};
		2A37F4AAFDCFA73011CA2CEA = {
			children = (
				BF4C405A05AD57DD00FC037C,
				2A37F4ABFDCFA73011CA2CEA,
				2A37F4AFFDCFA73011CA2CEA,
				2A37F4B8FDCFA73011CA2CEA,
				2A37F4C3FDCFA73011CA2CEA,
				BF4C404B05AD56D500FC037C,
				19C28FB0FE9D524F11CA2CBB,
			);
			isa = PBXGroup;
			name = SphericalHarmonics;
			path = "";
			refType = 4;
			sourceTree = "<group>";
		};
		2A37F4ABFDCFA73011CA2CEA = {
			children = (
				2A37F4AEFDCFA73011CA2CEA,
				2A37F4ACFDCFA73011CA2CEA,
			);
			isa = PBXGroup;
			name = Classes;
			path = "";
			refType = 4;
			sourceTree = "<group>";
		};
		2A37F4ACFDCFA73011CA2CEA = {
			fileEncoding = 4;
			indentWidth = 4;
			isa = PBXFileReference;
			lastKnownFileType = sourcecode.c.objc;
			path = SphericalHarmonicsDoc.m;
			refType = 4;
			sourceTree = "<group>";
			tabWidth = 4;
			usesTabs = 0;
		};
		2A37F4AEFDCFA73011CA2CEA = {
			fileEncoding = 30;
			isa = PBXFileReference;
			lastKnownFileType = sourcecode.c.h;
			path = SphericalHarmonicsDoc.h;
			refType = 4;
			sourceTree = "<group>";
		};
		2A37F4AFFDCFA73011CA2CEA = {
			children = (
				32DBCF750370BD2300C91783,
				2A37F4B0FDCFA73011CA2CEA,
			);
			isa = PBXGroup;
			name = "Other Sources";
			path = "";
			refType = 4;
			sourceTree = "<group>";
		};
		2A37F4B0FDCFA73011CA2CEA = {
			fileEncoding = 30;
			isa = PBXFileReference;
			lastKnownFileType = sourcecode.c.objc;
			path = main.m;
			refType = 4;
			sourceTree = "<group>";
		};
		2A37F4B4FDCFA73011CA2CEA = {
			children = (
				2A37F4B5FDCFA73011CA2CEA,
			);
			isa = PBXVariantGroup;
			name = SphericalHarmonicsDoc.nib;
			path = "";
			refType = 4;
			sourceTree = "<group>";
		};
		2A37F4B5FDCFA73011CA2CEA = {
			isa = PBXFileReference;
			lastKnownFileType = wrapper.nib;
			name = English;
			path = English.lproj/SphericalHarmonicsDoc.nib;
			refType = 4;
			sourceTree = "<group>";
		};
		2A37F4B6FDCFA73011CA2CEA = {
			children = (
				2A37F4B7FDCFA73011CA2CEA,
			);
			isa = PBXVariantGroup;
			name = MainMenu.nib;
			path = "";
			refType = 4;
			sourceTree = "<group>";
		};
		2A37F4B7FDCFA73011CA2CEA = {
			isa = PBXFileReference;
			lastKnownFileType = wrapper.nib;
			name = English;
			path = English.lproj/MainMenu.nib;
			refType = 4;
			sourceTree = "<group>";
		};
		2A37F4B8FDCFA73011CA2CEA = {
			children = (
				BF30934805B111570020E3CF,
				2A37F4B9FDCFA73011CA2CEA,
				2A37F4B6FDCFA73011CA2CEA,
				2A37F4B4FDCFA73011CA2CEA,
				8D15AC360486D014006FF6A4,
				089C165FFE840EACC02AAC07,
			);
			isa = PBXGroup;
			name = Resources;
			path = "";
			refType = 4;
			sourceTree = "<group>";
		};
		2A37F4B9FDCFA73011CA2CEA = {
			children = (
				2A37F4BAFDCFA73011CA2CEA,
			);
			isa = PBXVariantGroup;
			name = Credits.rtf;
			path = "";
			refType = 4;
			sourceTree = "<group>";
		};
		2A37F4BAFDCFA73011CA2CEA = {
			isa = PBXFileReference;
			lastKnownFileType = text.rtf;
			name = English;
			path = English.lproj/Credits.rtf;
			refType = 4;
			sourceTree = "<group>";
		};
		2A37F4C3FDCFA73011CA2CEA = {
			children = (
				1058C7A6FEA54F5311CA2CBB,
				1058C7A8FEA54F5311CA2CBB,
			);
			isa = PBXGroup;
			name = Frameworks;
			path = "";
			refType = 4;
			sourceTree = "<group>";
		};
		2A37F4C4FDCFA73011CA2CEA = {
			fallbackIsa = PBXFileReference;
			isa = PBXFrameworkReference;
			lastKnownFileType = wrapper.framework;
			name = AppKit.framework;
			path = /System/Library/Frameworks/AppKit.framework;
			refType = 0;
			sourceTree = "<absolute>";
		};
		2A37F4C5FDCFA73011CA2CEA = {
			fallbackIsa = PBXFileReference;
			isa = PBXFrameworkReference;
			lastKnownFileType = wrapper.framework;
			name = Foundation.framework;
			path = /System/Library/Frameworks/Foundation.framework;
			refType = 0;
			sourceTree = "<absolute>";
		};
//2A0
//2A1
//2A2
//2A3
//2A4
//320
//321
//322
//323
//324
		32DBCF750370BD2300C91783 = {
			fileEncoding = 4;
			isa = PBXFileReference;
			lastKnownFileType = sourcecode.c.h;
			path = SphericalHarmonics_Prefix.pch;
			refType = 4;
			sourceTree = "<group>";
		};
//320
//321
//322
//323
//324
//4A0
//4A1
//4A2
//4A3
//4A4
		4A9504D0FFE6A4CB11CA0CBA = {
			buildRules = (
			);
			buildSettings = {
				COPY_PHASE_STRIP = NO;
				DEBUGGING_SYMBOLS = YES;
				GCC_DYNAMIC_NO_PIC = NO;
				GCC_ENABLE_FIX_AND_CONTINUE = YES;
				GCC_GENERATE_DEBUGGING_SYMBOLS = YES;
				GCC_OPTIMIZATION_LEVEL = 0;
				OPTIMIZATION_CFLAGS = "-O0";
				ZERO_LINK = YES;
			};
			isa = PBXBuildStyle;
			name = Development;
		};
		4A9504D1FFE6A4CB11CA0CBA = {
			buildRules = (
			);
			buildSettings = {
				COPY_PHASE_STRIP = YES;
				GCC_ENABLE_FIX_AND_CONTINUE = NO;
				ZERO_LINK = NO;
			};
			isa = PBXBuildStyle;
			name = Deployment;
		};
//4A0
//4A1
//4A2
//4A3
//4A4
//8D0
//8D1
//8D2
//8D3
//8D4
		8D15AC270486D014006FF6A4 = {
			buildPhases = (
				8D15AC280486D014006FF6A4,
				8D15AC2B0486D014006FF6A4,
				8D15AC300486D014006FF6A4,
				8D15AC330486D014006FF6A4,
			);
			buildRules = (
			);
			buildSettings = {
				FRAMEWORK_SEARCH_PATHS = "";
				GCC_ALTIVEC_EXTENSIONS = NO;
				GCC_ENABLE_TRIGRAPHS = NO;
				GCC_GENERATE_DEBUGGING_SYMBOLS = NO;
				GCC_MODEL_CPU = G5;
				GCC_MODEL_PPC64 = YES;
				GCC_MODEL_TUNING = G5;
				GCC_PRECOMPILE_PREFIX_HEADER = YES;
				GCC_PREFIX_HEADER = SphericalHarmonics_Prefix.pch;
				GCC_WARN_ABOUT_MISSING_PROTOTYPES = NO;
				GCC_WARN_FOUR_CHARACTER_CONSTANTS = NO;
				GCC_WARN_UNKNOWN_PRAGMAS = NO;
				HEADER_SEARCH_PATHS = /usr/local/include;
				INFOPLIST_FILE = Info.plist;
				INSTALL_PATH = "$(HOME)/Applications";
				LIBRARY_SEARCH_PATHS = "/usr/local/lib /Users/kanaya/Programs/SphericalHarmonics";
				OTHER_CFLAGS = "";
				OTHER_LDFLAGS = "";
				PRODUCT_NAME = SphericalHarmonics;
				SECTORDER_FLAGS = "";
				WARNING_CFLAGS = "-Wmost -Wno-four-char-constants -Wno-unknown-pragmas";
				ZERO_LINK = NO;
				"ラッパーの拡張子" = app;
			};
			dependencies = (
			);
			isa = PBXNativeTarget;
			name = SphericalHarmonics;
			productInstallPath = "$(HOME)/Applications";
			productName = SphericalHarmonics;
			productReference = 8D15AC370486D014006FF6A4;
			productType = "com.apple.product-type.application";
		};
		8D15AC280486D014006FF6A4 = {
			buildActionMask = 2147483647;
			files = (
				8D15AC290486D014006FF6A4,
				8D15AC2A0486D014006FF6A4,
				BF4C405605AD57B700FC037C,
				BF4C406505AD589C00FC037C,
			);
			isa = PBXHeadersBuildPhase;
			runOnlyForDeploymentPostprocessing = 0;
		};
		8D15AC290486D014006FF6A4 = {
			fileRef = 32DBCF750370BD2300C91783;
			isa = PBXBuildFile;
			settings = {
			};
		};
		8D15AC2A0486D014006FF6A4 = {
			fileRef = 2A37F4AEFDCFA73011CA2CEA;
			isa = PBXBuildFile;
			settings = {
			};
		};
		8D15AC2B0486D014006FF6A4 = {
			buildActionMask = 2147483647;
			files = (
				8D15AC2C0486D014006FF6A4,
				8D15AC2D0486D014006FF6A4,
				8D15AC2E0486D014006FF6A4,
				8D15AC2F0486D014006FF6A4,
				BF30934905B111570020E3CF,
			);
			isa = PBXResourcesBuildPhase;
			runOnlyForDeploymentPostprocessing = 0;
		};
		8D15AC2C0486D014006FF6A4 = {
			fileRef = 2A37F4B9FDCFA73011CA2CEA;
			isa = PBXBuildFile;
			settings = {
			};
		};
		8D15AC2D0486D014006FF6A4 = {
			fileRef = 2A37F4B6FDCFA73011CA2CEA;
			isa = PBXBuildFile;
			settings = {
			};
		};
		8D15AC2E0486D014006FF6A4 = {
			fileRef = 2A37F4B4FDCFA73011CA2CEA;
			isa = PBXBuildFile;
			settings = {
			};
		};
		8D15AC2F0486D014006FF6A4 = {
			fileRef = 089C165FFE840EACC02AAC07;
			isa = PBXBuildFile;
			settings = {
			};
		};
		8D15AC300486D014006FF6A4 = {
			buildActionMask = 2147483647;
			files = (
				8D15AC310486D014006FF6A4,
				8D15AC320486D014006FF6A4,
				BF4C405705AD57B700FC037C,
				BF4C406605AD589C00FC037C,
			);
			isa = PBXSourcesBuildPhase;
			runOnlyForDeploymentPostprocessing = 0;
		};
		8D15AC310486D014006FF6A4 = {
			fileRef = 2A37F4ACFDCFA73011CA2CEA;
			isa = PBXBuildFile;
			settings = {
				ATTRIBUTES = (
				);
			};
		};
		8D15AC320486D014006FF6A4 = {
			fileRef = 2A37F4B0FDCFA73011CA2CEA;
			isa = PBXBuildFile;
			settings = {
				ATTRIBUTES = (
				);
			};
		};
		8D15AC330486D014006FF6A4 = {
			buildActionMask = 2147483647;
			files = (
				8D15AC340486D014006FF6A4,
				BF6A5FAA05B015D20059AE77,
				BFEA4BD205B11BB1004BB01A,
			);
			isa = PBXFrameworksBuildPhase;
			runOnlyForDeploymentPostprocessing = 0;
		};
		8D15AC340486D014006FF6A4 = {
			fileRef = 1058C7A7FEA54F5311CA2CBB;
			isa = PBXBuildFile;
			settings = {
			};
		};
		8D15AC360486D014006FF6A4 = {
			fileEncoding = 4;
			isa = PBXFileReference;
			lastKnownFileType = text.plist;
			path = Info.plist;
			refType = 4;
			sourceTree = "<group>";
		};
		8D15AC370486D014006FF6A4 = {
			explicitFileType = wrapper.application;
			includeInIndex = 0;
			isa = PBXFileReference;
			path = SphericalHarmonics.app;
			refType = 3;
			sourceTree = BUILT_PRODUCTS_DIR;
		};
//8D0
//8D1
//8D2
//8D3
//8D4
//BF0
//BF1
//BF2
//BF3
//BF4
		BF30934805B111570020E3CF = {
			isa = PBXFileReference;
			lastKnownFileType = image.icns;
			path = "sh-app-icon.icns";
			refType = 4;
			sourceTree = "<group>";
		};
		BF30934905B111570020E3CF = {
			fileRef = BF30934805B111570020E3CF;
			isa = PBXBuildFile;
			settings = {
			};
		};
		BF4C404A05AD56C900FC037C = {
			children = (
				BF6A5FA905B015D20059AE77,
				BFEA4BD105B11BB1004BB01A,
			);
			isa = PBXGroup;
			name = "gsl-1.4";
			path = "";
			refType = 4;
			sourceTree = "<group>";
		};
		BF4C404B05AD56D500FC037C = {
			children = (
				BF4C404A05AD56C900FC037C,
			);
			isa = PBXGroup;
			name = Libraries;
			refType = 4;
			sourceTree = "<group>";
		};
		BF4C404E05AD579800FC037C = {
			buildActionMask = 2147483647;
			files = (
				BF4C405805AD57B700FC037C,
			);
			isa = PBXHeadersBuildPhase;
			runOnlyForDeploymentPostprocessing = 0;
		};
		BF4C404F05AD579800FC037C = {
			buildActionMask = 2147483647;
			files = (
				BF4C405905AD57B700FC037C,
			);
			isa = PBXSourcesBuildPhase;
			runOnlyForDeploymentPostprocessing = 0;
		};
		BF4C405005AD579800FC037C = {
			buildPhases = (
				BF4C404E05AD579800FC037C,
				BF4C404F05AD579800FC037C,
			);
			buildRules = (
			);
			buildSettings = {
				GCC_WARN_FOUR_CHARACTER_CONSTANTS = NO;
				GCC_WARN_UNKNOWN_PRAGMAS = NO;
				INSTALL_PATH = /usr/local/lib;
				LIBRARY_STYLE = STATIC;
				OTHER_CFLAGS = "";
				OTHER_LDFLAGS = "";
				OTHER_REZFLAGS = "";
				PRODUCT_NAME = SphericalHarmonicsCore;
				SECTORDER_FLAGS = "";
				WARNING_CFLAGS = "-Wmost";
			};
			dependencies = (
			);
			isa = PBXNativeTarget;
			name = SphericalHarmonicsCore;
			productName = SphericalHarmonicsCore;
			productReference = BF4C405105AD579800FC037C;
			productType = "com.apple.product-type.library.static";
		};
		BF4C405105AD579800FC037C = {
			explicitFileType = archive.ar;
			includeInIndex = 0;
			isa = PBXFileReference;
			path = libSphericalHarmonicsCore.a;
			refType = 3;
			sourceTree = BUILT_PRODUCTS_DIR;
		};
		BF4C405405AD57B700FC037C = {
			fileEncoding = 4;
			isa = PBXFileReference;
			lastKnownFileType = sourcecode.c.h;
			path = SphericalHarmonicsCore.h;
			refType = 4;
			sourceTree = "<group>";
		};
		BF4C405505AD57B700FC037C = {
			fileEncoding = 4;
			isa = PBXFileReference;
			lastKnownFileType = sourcecode.c.c;
			path = SphericalHarmonicsCore.c;
			refType = 4;
			sourceTree = "<group>";
		};
		BF4C405605AD57B700FC037C = {
			fileRef = BF4C405405AD57B700FC037C;
			isa = PBXBuildFile;
			settings = {
			};
		};
		BF4C405705AD57B700FC037C = {
			fileRef = BF4C405505AD57B700FC037C;
			isa = PBXBuildFile;
			settings = {
			};
		};
		BF4C405805AD57B700FC037C = {
			fileRef = BF4C405405AD57B700FC037C;
			isa = PBXBuildFile;
			settings = {
			};
		};
		BF4C405905AD57B700FC037C = {
			fileRef = BF4C405505AD57B700FC037C;
			isa = PBXBuildFile;
			settings = {
			};
		};
		BF4C405A05AD57DD00FC037C = {
			children = (
				BF4C406305AD589C00FC037C,
				BF4C406405AD589C00FC037C,
				BF4C405405AD57B700FC037C,
				BF4C405505AD57B700FC037C,
			);
			isa = PBXGroup;
			name = Core;
			refType = 4;
			sourceTree = "<group>";
		};
		BF4C405D05AD588000FC037C = {
			buildActionMask = 2147483647;
			files = (
				BF4C406705AD589C00FC037C,
			);
			isa = PBXHeadersBuildPhase;
			runOnlyForDeploymentPostprocessing = 0;
		};
		BF4C405E05AD588000FC037C = {
			buildActionMask = 2147483647;
			files = (
				BF4C406805AD589C00FC037C,
			);
			isa = PBXSourcesBuildPhase;
			runOnlyForDeploymentPostprocessing = 0;
		};
		BF4C405F05AD588000FC037C = {
			buildPhases = (
				BF4C405D05AD588000FC037C,
				BF4C405E05AD588000FC037C,
			);
			buildRules = (
			);
			buildSettings = {
				GCC_WARN_FOUR_CHARACTER_CONSTANTS = NO;
				GCC_WARN_UNKNOWN_PRAGMAS = NO;
				INSTALL_PATH = /usr/local/lib;
				LIBRARY_STYLE = STATIC;
				OTHER_CFLAGS = "";
				OTHER_LDFLAGS = "";
				OTHER_REZFLAGS = "";
				PRODUCT_NAME = MersenneTwister;
				SECTORDER_FLAGS = "";
				WARNING_CFLAGS = "-Wmost";
			};
			dependencies = (
			);
			isa = PBXNativeTarget;
			name = MersenneTwister;
			productName = MersenneTwister;
			productReference = BF4C406005AD588000FC037C;
			productType = "com.apple.product-type.library.static";
		};
		BF4C406005AD588000FC037C = {
			explicitFileType = archive.ar;
			includeInIndex = 0;
			isa = PBXFileReference;
			path = libMersenneTwister.a;
			refType = 3;
			sourceTree = BUILT_PRODUCTS_DIR;
		};
		BF4C406305AD589C00FC037C = {
			fileEncoding = 4;
			isa = PBXFileReference;
			lastKnownFileType = sourcecode.c.h;
			path = MersenneTwister.h;
			refType = 4;
			sourceTree = "<group>";
		};
		BF4C406405AD589C00FC037C = {
			fileEncoding = 4;
			isa = PBXFileReference;
			lastKnownFileType = sourcecode.c.c;
			path = MersenneTwister.c;
			refType = 4;
			sourceTree = "<group>";
		};
		BF4C406505AD589C00FC037C = {
			fileRef = BF4C406305AD589C00FC037C;
			isa = PBXBuildFile;
			settings = {
			};
		};
		BF4C406605AD589C00FC037C = {
			fileRef = BF4C406405AD589C00FC037C;
			isa = PBXBuildFile;
			settings = {
			};
		};
		BF4C406705AD589C00FC037C = {
			fileRef = BF4C406305AD589C00FC037C;
			isa = PBXBuildFile;
			settings = {
			};
		};
		BF4C406805AD589C00FC037C = {
			fileRef = BF4C406405AD589C00FC037C;
			isa = PBXBuildFile;
			settings = {
			};
		};
		BF6A5FA905B015D20059AE77 = {
			isa = PBXFileReference;
			lastKnownFileType = archive.ar;
			path = libgsl.a;
			refType = 4;
			sourceTree = "<group>";
		};
		BF6A5FAA05B015D20059AE77 = {
			fileRef = BF6A5FA905B015D20059AE77;
			isa = PBXBuildFile;
			settings = {
			};
		};
		BFEA4BD105B11BB1004BB01A = {
			isa = PBXFileReference;
			lastKnownFileType = archive.ar;
			path = libgslcblas.a;
			refType = 4;
			sourceTree = "<group>";
		};
		BFEA4BD205B11BB1004BB01A = {
			fileRef = BFEA4BD105B11BB1004BB01A;
			isa = PBXBuildFile;
			settings = {
			};
		};
	};
	rootObject = 2A37F4A9FDCFA73011CA2CEA;
}
